// !$*UTF8*$!
{
	archiveVersion = 1;
	classes = {
	};
	objectVersion = 46;
	objects = {

/* Begin PBXBuildFile section */
		4E5477151CEC4C310049E1B4 /* main.m in Sources */ = {isa = PBXBuildFile; fileRef = 4E5477141CEC4C310049E1B4 /* main.m */; };
		4E5477181CEC4C310049E1B4 /* AppDelegate.m in Sources */ = {isa = PBXBuildFile; fileRef = 4E5477171CEC4C310049E1B4 /* AppDelegate.m */; };
		4E54771B1CEC4C310049E1B4 /* ViewController.m in Sources */ = {isa = PBXBuildFile; fileRef = 4E54771A1CEC4C310049E1B4 /* ViewController.m */; };
		4E54771E1CEC4C310049E1B4 /* Main.storyboard in Resources */ = {isa = PBXBuildFile; fileRef = 4E54771C1CEC4C310049E1B4 /* Main.storyboard */; };
		4E5477201CEC4C310049E1B4 /* Assets.xcassets in Resources */ = {isa = PBXBuildFile; fileRef = 4E54771F1CEC4C310049E1B4 /* Assets.xcassets */; };
		4E5477231CEC4C310049E1B4 /* LaunchScreen.storyboard in Resources */ = {isa = PBXBuildFile; fileRef = 4E5477211CEC4C310049E1B4 /* LaunchScreen.storyboard */; };
		4E54772E1CEC4C310049E1B4 /* RYFormTests.m in Sources */ = {isa = PBXBuildFile; fileRef = 4E54772D1CEC4C310049E1B4 /* RYFormTests.m */; };
		4E5477391CEC4C310049E1B4 /* RYFormUITests.m in Sources */ = {isa = PBXBuildFile; fileRef = 4E5477381CEC4C310049E1B4 /* RYFormUITests.m */; };
		4E5477911CEC4C890049E1B4 /* RYFormBaseCell.m in Sources */ = {isa = PBXBuildFile; fileRef = 4E54774A1CEC4C890049E1B4 /* RYFormBaseCell.m */; };
		4E5477921CEC4C890049E1B4 /* RYFormCheckCell.m in Sources */ = {isa = PBXBuildFile; fileRef = 4E54774C1CEC4C890049E1B4 /* RYFormCheckCell.m */; };
		4E5477931CEC4C890049E1B4 /* RYFormDateCell.m in Sources */ = {isa = PBXBuildFile; fileRef = 4E54774E1CEC4C890049E1B4 /* RYFormDateCell.m */; };
		4E5477941CEC4C890049E1B4 /* RYFormDatePickerCell.m in Sources */ = {isa = PBXBuildFile; fileRef = 4E5477501CEC4C890049E1B4 /* RYFormDatePickerCell.m */; };
		4E5477951CEC4C890049E1B4 /* RYFormPickerCell.m in Sources */ = {isa = PBXBuildFile; fileRef = 4E5477521CEC4C890049E1B4 /* RYFormPickerCell.m */; };
		4E5477961CEC4C890049E1B4 /* RYFormStepCounterCell.m in Sources */ = {isa = PBXBuildFile; fileRef = 4E5477541CEC4C890049E1B4 /* RYFormStepCounterCell.m */; };
		4E5477971CEC4C890049E1B4 /* RYFormSwitchCell.m in Sources */ = {isa = PBXBuildFile; fileRef = 4E5477561CEC4C890049E1B4 /* RYFormSwitchCell.m */; };
		4E5477981CEC4C890049E1B4 /* RYFormTextFieldCell.m in Sources */ = {isa = PBXBuildFile; fileRef = 4E5477581CEC4C890049E1B4 /* RYFormTextFieldCell.m */; };
		4E5477991CEC4C890049E1B4 /* RYFormTextViewCell.m in Sources */ = {isa = PBXBuildFile; fileRef = 4E54775A1CEC4C890049E1B4 /* RYFormTextViewCell.m */; };
		4E54779A1CEC4C890049E1B4 /* RYFormViewController.m in Sources */ = {isa = PBXBuildFile; fileRef = 4E54775D1CEC4C890049E1B4 /* RYFormViewController.m */; };
		4E54779B1CEC4C890049E1B4 /* RYFormViewController.xib in Resources */ = {isa = PBXBuildFile; fileRef = 4E54775E1CEC4C890049E1B4 /* RYFormViewController.xib */; };
		4E54779C1CEC4C890049E1B4 /* UIView+RYFormAdditions.m in Sources */ = {isa = PBXBuildFile; fileRef = 4E5477621CEC4C890049E1B4 /* UIView+RYFormAdditions.m */; };
		4E54779D1CEC4C890049E1B4 /* RYFormTextView.m in Sources */ = {isa = PBXBuildFile; fileRef = 4E5477651CEC4C890049E1B4 /* RYFormTextView.m */; };
		4E54779E1CEC4C890049E1B4 /* UITableView+SDAutoTableViewCellHeight.m in Sources */ = {isa = PBXBuildFile; fileRef = 4E5477681CEC4C890049E1B4 /* UITableView+SDAutoTableViewCellHeight.m */; };
		4E54779F1CEC4C890049E1B4 /* UIView+SDAutoLayout.m in Sources */ = {isa = PBXBuildFile; fileRef = 4E54776A1CEC4C890049E1B4 /* UIView+SDAutoLayout.m */; };
		4E5477A01CEC4C890049E1B4 /* UIViewExt.m in Sources */ = {isa = PBXBuildFile; fileRef = 4E54776D1CEC4C890049E1B4 /* UIViewExt.m */; };
		4E5477A11CEC4C890049E1B4 /* RYForm.m in Sources */ = {isa = PBXBuildFile; fileRef = 4E5477701CEC4C890049E1B4 /* RYForm.m */; };
		4E5477A21CEC4C890049E1B4 /* RYFormInformation.m in Sources */ = {isa = PBXBuildFile; fileRef = 4E5477731CEC4C890049E1B4 /* RYFormInformation.m */; };
		4E5477A31CEC4C890049E1B4 /* RYFormRowInformation.m in Sources */ = {isa = PBXBuildFile; fileRef = 4E5477761CEC4C890049E1B4 /* RYFormRowInformation.m */; };
		4E5477A41CEC4C890049E1B4 /* RYFormSectionInformation.m in Sources */ = {isa = PBXBuildFile; fileRef = 4E5477781CEC4C890049E1B4 /* RYFormSectionInformation.m */; };
		4E5477A51CEC4C890049E1B4 /* TestConfigureForm.m in Sources */ = {isa = PBXBuildFile; fileRef = 4E54777B1CEC4C890049E1B4 /* TestConfigureForm.m */; };
		4E5477A61CEC4C890049E1B4 /* TestViewController.m in Sources */ = {isa = PBXBuildFile; fileRef = 4E54777D1CEC4C890049E1B4 /* TestViewController.m */; };
		4E5477A71CEC4C890049E1B4 /* NSObject+MemoryLeak.m in Sources */ = {isa = PBXBuildFile; fileRef = 4E5477821CEC4C890049E1B4 /* NSObject+MemoryLeak.m */; };
		4E5477A81CEC4C890049E1B4 /* UIApplication+MemoryLeak.m in Sources */ = {isa = PBXBuildFile; fileRef = 4E5477841CEC4C890049E1B4 /* UIApplication+MemoryLeak.m */; };
		4E5477A91CEC4C890049E1B4 /* UINavigationController+MemoryLeak.m in Sources */ = {isa = PBXBuildFile; fileRef = 4E5477861CEC4C890049E1B4 /* UINavigationController+MemoryLeak.m */; };
		4E5477AA1CEC4C890049E1B4 /* UIPageViewController+MemoryLeak.m in Sources */ = {isa = PBXBuildFile; fileRef = 4E5477881CEC4C890049E1B4 /* UIPageViewController+MemoryLeak.m */; };
		4E5477AB1CEC4C890049E1B4 /* UISplitViewController+MemoryLeak.m in Sources */ = {isa = PBXBuildFile; fileRef = 4E54778A1CEC4C890049E1B4 /* UISplitViewController+MemoryLeak.m */; };
		4E5477AC1CEC4C890049E1B4 /* UITabBarController+MemoryLeak.m in Sources */ = {isa = PBXBuildFile; fileRef = 4E54778C1CEC4C890049E1B4 /* UITabBarController+MemoryLeak.m */; };
		4E5477AD1CEC4C890049E1B4 /* UIView+MemoryLeak.m in Sources */ = {isa = PBXBuildFile; fileRef = 4E54778E1CEC4C890049E1B4 /* UIView+MemoryLeak.m */; };
		4E5477AE1CEC4C890049E1B4 /* UIViewController+MemoryLeak.m in Sources */ = {isa = PBXBuildFile; fileRef = 4E5477901CEC4C890049E1B4 /* UIViewController+MemoryLeak.m */; };
/* End PBXBuildFile section */

/* Begin PBXContainerItemProxy section */
		4E54772A1CEC4C310049E1B4 /* PBXContainerItemProxy */ = {
			isa = PBXContainerItemProxy;
			containerPortal = 4E5477081CEC4C310049E1B4 /* Project object */;
			proxyType = 1;
			remoteGlobalIDString = 4E54770F1CEC4C310049E1B4;
			remoteInfo = RYForm;
		};
		4E5477351CEC4C310049E1B4 /* PBXContainerItemProxy */ = {
			isa = PBXContainerItemProxy;
			containerPortal = 4E5477081CEC4C310049E1B4 /* Project object */;
			proxyType = 1;
			remoteGlobalIDString = 4E54770F1CEC4C310049E1B4;
			remoteInfo = RYForm;
		};
/* End PBXContainerItemProxy section */

/* Begin PBXFileReference section */
		4E5477101CEC4C310049E1B4 /* RYForm.app */ = {isa = PBXFileReference; explicitFileType = wrapper.application; includeInIndex = 0; path = RYForm.app; sourceTree = BUILT_PRODUCTS_DIR; };
		4E5477141CEC4C310049E1B4 /* main.m */ = {isa = PBXFileReference; lastKnownFileType = sourcecode.c.objc; path = main.m; sourceTree = "<group>"; };
		4E5477161CEC4C310049E1B4 /* AppDelegate.h */ = {isa = PBXFileReference; lastKnownFileType = sourcecode.c.h; path = AppDelegate.h; sourceTree = "<group>"; };
		4E5477171CEC4C310049E1B4 /* AppDelegate.m */ = {isa = PBXFileReference; lastKnownFileType = sourcecode.c.objc; path = AppDelegate.m; sourceTree = "<group>"; };
		4E5477191CEC4C310049E1B4 /* ViewController.h */ = {isa = PBXFileReference; lastKnownFileType = sourcecode.c.h; path = ViewController.h; sourceTree = "<group>"; };
		4E54771A1CEC4C310049E1B4 /* ViewController.m */ = {isa = PBXFileReference; lastKnownFileType = sourcecode.c.objc; path = ViewController.m; sourceTree = "<group>"; };
		4E54771D1CEC4C310049E1B4 /* Base */ = {isa = PBXFileReference; lastKnownFileType = file.storyboard; name = Base; path = Base.lproj/Main.storyboard; sourceTree = "<group>"; };
		4E54771F1CEC4C310049E1B4 /* Assets.xcassets */ = {isa = PBXFileReference; lastKnownFileType = folder.assetcatalog; path = Assets.xcassets; sourceTree = "<group>"; };
		4E5477221CEC4C310049E1B4 /* Base */ = {isa = PBXFileReference; lastKnownFileType = file.storyboard; name = Base; path = Base.lproj/LaunchScreen.storyboard; sourceTree = "<group>"; };
		4E5477241CEC4C310049E1B4 /* Info.plist */ = {isa = PBXFileReference; lastKnownFileType = text.plist.xml; path = Info.plist; sourceTree = "<group>"; };
		4E5477291CEC4C310049E1B4 /* RYFormTests.xctest */ = {isa = PBXFileReference; explicitFileType = wrapper.cfbundle; includeInIndex = 0; path = RYFormTests.xctest; sourceTree = BUILT_PRODUCTS_DIR; };
		4E54772D1CEC4C310049E1B4 /* RYFormTests.m */ = {isa = PBXFileReference; lastKnownFileType = sourcecode.c.objc; path = RYFormTests.m; sourceTree = "<group>"; };
		4E54772F1CEC4C310049E1B4 /* Info.plist */ = {isa = PBXFileReference; lastKnownFileType = text.plist.xml; path = Info.plist; sourceTree = "<group>"; };
		4E5477341CEC4C310049E1B4 /* RYFormUITests.xctest */ = {isa = PBXFileReference; explicitFileType = wrapper.cfbundle; includeInIndex = 0; path = RYFormUITests.xctest; sourceTree = BUILT_PRODUCTS_DIR; };
		4E5477381CEC4C310049E1B4 /* RYFormUITests.m */ = {isa = PBXFileReference; lastKnownFileType = sourcecode.c.objc; path = RYFormUITests.m; sourceTree = "<group>"; };
		4E54773A1CEC4C310049E1B4 /* Info.plist */ = {isa = PBXFileReference; lastKnownFileType = text.plist.xml; path = Info.plist; sourceTree = "<group>"; };
		4E5477491CEC4C890049E1B4 /* RYFormBaseCell.h */ = {isa = PBXFileReference; fileEncoding = 4; lastKnownFileType = sourcecode.c.h; path = RYFormBaseCell.h; sourceTree = "<group>"; };
		4E54774A1CEC4C890049E1B4 /* RYFormBaseCell.m */ = {isa = PBXFileReference; fileEncoding = 4; lastKnownFileType = sourcecode.c.objc; path = RYFormBaseCell.m; sourceTree = "<group>"; };
		4E54774B1CEC4C890049E1B4 /* RYFormCheckCell.h */ = {isa = PBXFileReference; fileEncoding = 4; lastKnownFileType = sourcecode.c.h; path = RYFormCheckCell.h; sourceTree = "<group>"; };
		4E54774C1CEC4C890049E1B4 /* RYFormCheckCell.m */ = {isa = PBXFileReference; fileEncoding = 4; lastKnownFileType = sourcecode.c.objc; path = RYFormCheckCell.m; sourceTree = "<group>"; };
		4E54774D1CEC4C890049E1B4 /* RYFormDateCell.h */ = {isa = PBXFileReference; fileEncoding = 4; lastKnownFileType = sourcecode.c.h; path = RYFormDateCell.h; sourceTree = "<group>"; };
		4E54774E1CEC4C890049E1B4 /* RYFormDateCell.m */ = {isa = PBXFileReference; fileEncoding = 4; lastKnownFileType = sourcecode.c.objc; path = RYFormDateCell.m; sourceTree = "<group>"; };
		4E54774F1CEC4C890049E1B4 /* RYFormDatePickerCell.h */ = {isa = PBXFileReference; fileEncoding = 4; lastKnownFileType = sourcecode.c.h; path = RYFormDatePickerCell.h; sourceTree = "<group>"; };
		4E5477501CEC4C890049E1B4 /* RYFormDatePickerCell.m */ = {isa = PBXFileReference; fileEncoding = 4; lastKnownFileType = sourcecode.c.objc; path = RYFormDatePickerCell.m; sourceTree = "<group>"; };
		4E5477511CEC4C890049E1B4 /* RYFormPickerCell.h */ = {isa = PBXFileReference; fileEncoding = 4; lastKnownFileType = sourcecode.c.h; path = RYFormPickerCell.h; sourceTree = "<group>"; };
		4E5477521CEC4C890049E1B4 /* RYFormPickerCell.m */ = {isa = PBXFileReference; fileEncoding = 4; lastKnownFileType = sourcecode.c.objc; path = RYFormPickerCell.m; sourceTree = "<group>"; };
		4E5477531CEC4C890049E1B4 /* RYFormStepCounterCell.h */ = {isa = PBXFileReference; fileEncoding = 4; lastKnownFileType = sourcecode.c.h; path = RYFormStepCounterCell.h; sourceTree = "<group>"; };
		4E5477541CEC4C890049E1B4 /* RYFormStepCounterCell.m */ = {isa = PBXFileReference; fileEncoding = 4; lastKnownFileType = sourcecode.c.objc; path = RYFormStepCounterCell.m; sourceTree = "<group>"; };
		4E5477551CEC4C890049E1B4 /* RYFormSwitchCell.h */ = {isa = PBXFileReference; fileEncoding = 4; lastKnownFileType = sourcecode.c.h; path = RYFormSwitchCell.h; sourceTree = "<group>"; };
		4E5477561CEC4C890049E1B4 /* RYFormSwitchCell.m */ = {isa = PBXFileReference; fileEncoding = 4; lastKnownFileType = sourcecode.c.objc; path = RYFormSwitchCell.m; sourceTree = "<group>"; };
		4E5477571CEC4C890049E1B4 /* RYFormTextFieldCell.h */ = {isa = PBXFileReference; fileEncoding = 4; lastKnownFileType = sourcecode.c.h; path = RYFormTextFieldCell.h; sourceTree = "<group>"; };
		4E5477581CEC4C890049E1B4 /* RYFormTextFieldCell.m */ = {isa = PBXFileReference; fileEncoding = 4; lastKnownFileType = sourcecode.c.objc; path = RYFormTextFieldCell.m; sourceTree = "<group>"; };
		4E5477591CEC4C890049E1B4 /* RYFormTextViewCell.h */ = {isa = PBXFileReference; fileEncoding = 4; lastKnownFileType = sourcecode.c.h; path = RYFormTextViewCell.h; sourceTree = "<group>"; };
		4E54775A1CEC4C890049E1B4 /* RYFormTextViewCell.m */ = {isa = PBXFileReference; fileEncoding = 4; lastKnownFileType = sourcecode.c.objc; path = RYFormTextViewCell.m; sourceTree = "<group>"; };
		4E54775C1CEC4C890049E1B4 /* RYFormViewController.h */ = {isa = PBXFileReference; fileEncoding = 4; lastKnownFileType = sourcecode.c.h; path = RYFormViewController.h; sourceTree = "<group>"; };
		4E54775D1CEC4C890049E1B4 /* RYFormViewController.m */ = {isa = PBXFileReference; fileEncoding = 4; lastKnownFileType = sourcecode.c.objc; path = RYFormViewController.m; sourceTree = "<group>"; };
		4E54775E1CEC4C890049E1B4 /* RYFormViewController.xib */ = {isa = PBXFileReference; fileEncoding = 4; lastKnownFileType = file.xib; path = RYFormViewController.xib; sourceTree = "<group>"; };
		4E5477611CEC4C890049E1B4 /* UIView+RYFormAdditions.h */ = {isa = PBXFileReference; fileEncoding = 4; lastKnownFileType = sourcecode.c.h; path = "UIView+RYFormAdditions.h"; sourceTree = "<group>"; };
		4E5477621CEC4C890049E1B4 /* UIView+RYFormAdditions.m */ = {isa = PBXFileReference; fileEncoding = 4; lastKnownFileType = sourcecode.c.objc; path = "UIView+RYFormAdditions.m"; sourceTree = "<group>"; };
		4E5477641CEC4C890049E1B4 /* RYFormTextView.h */ = {isa = PBXFileReference; fileEncoding = 4; lastKnownFileType = sourcecode.c.h; path = RYFormTextView.h; sourceTree = "<group>"; };
		4E5477651CEC4C890049E1B4 /* RYFormTextView.m */ = {isa = PBXFileReference; fileEncoding = 4; lastKnownFileType = sourcecode.c.objc; path = RYFormTextView.m; sourceTree = "<group>"; };
		4E5477671CEC4C890049E1B4 /* UITableView+SDAutoTableViewCellHeight.h */ = {isa = PBXFileReference; fileEncoding = 4; lastKnownFileType = sourcecode.c.h; path = "UITableView+SDAutoTableViewCellHeight.h"; sourceTree = "<group>"; };
		4E5477681CEC4C890049E1B4 /* UITableView+SDAutoTableViewCellHeight.m */ = {isa = PBXFileReference; fileEncoding = 4; lastKnownFileType = sourcecode.c.objc; path = "UITableView+SDAutoTableViewCellHeight.m"; sourceTree = "<group>"; };
		4E5477691CEC4C890049E1B4 /* UIView+SDAutoLayout.h */ = {isa = PBXFileReference; fileEncoding = 4; lastKnownFileType = sourcecode.c.h; path = "UIView+SDAutoLayout.h"; sourceTree = "<group>"; };
		4E54776A1CEC4C890049E1B4 /* UIView+SDAutoLayout.m */ = {isa = PBXFileReference; fileEncoding = 4; lastKnownFileType = sourcecode.c.objc; path = "UIView+SDAutoLayout.m"; sourceTree = "<group>"; };
		4E54776C1CEC4C890049E1B4 /* UIViewExt.h */ = {isa = PBXFileReference; fileEncoding = 4; lastKnownFileType = sourcecode.c.h; path = UIViewExt.h; sourceTree = "<group>"; };
		4E54776D1CEC4C890049E1B4 /* UIViewExt.m */ = {isa = PBXFileReference; fileEncoding = 4; lastKnownFileType = sourcecode.c.objc; path = UIViewExt.m; sourceTree = "<group>"; };
		4E54776F1CEC4C890049E1B4 /* RYForm.h */ = {isa = PBXFileReference; fileEncoding = 4; lastKnownFileType = sourcecode.c.h; path = RYForm.h; sourceTree = "<group>"; };
		4E5477701CEC4C890049E1B4 /* RYForm.m */ = {isa = PBXFileReference; fileEncoding = 4; lastKnownFileType = sourcecode.c.objc; path = RYForm.m; sourceTree = "<group>"; };
		4E5477711CEC4C890049E1B4 /* RYFormDataConfigure.h */ = {isa = PBXFileReference; fileEncoding = 4; lastKnownFileType = sourcecode.c.h; path = RYFormDataConfigure.h; sourceTree = "<group>"; };
		4E5477721CEC4C890049E1B4 /* RYFormInformation.h */ = {isa = PBXFileReference; fileEncoding = 4; lastKnownFileType = sourcecode.c.h; path = RYFormInformation.h; sourceTree = "<group>"; };
		4E5477731CEC4C890049E1B4 /* RYFormInformation.m */ = {isa = PBXFileReference; fileEncoding = 4; lastKnownFileType = sourcecode.c.objc; path = RYFormInformation.m; sourceTree = "<group>"; };
		4E5477741CEC4C890049E1B4 /* RYFormInformationCell.h */ = {isa = PBXFileReference; fileEncoding = 4; lastKnownFileType = sourcecode.c.h; path = RYFormInformationCell.h; sourceTree = "<group>"; };
		4E5477751CEC4C890049E1B4 /* RYFormRowInformation.h */ = {isa = PBXFileReference; fileEncoding = 4; lastKnownFileType = sourcecode.c.h; path = RYFormRowInformation.h; sourceTree = "<group>"; };
		4E5477761CEC4C890049E1B4 /* RYFormRowInformation.m */ = {isa = PBXFileReference; fileEncoding = 4; lastKnownFileType = sourcecode.c.objc; path = RYFormRowInformation.m; sourceTree = "<group>"; };
		4E5477771CEC4C890049E1B4 /* RYFormSectionInformation.h */ = {isa = PBXFileReference; fileEncoding = 4; lastKnownFileType = sourcecode.c.h; path = RYFormSectionInformation.h; sourceTree = "<group>"; };
		4E5477781CEC4C890049E1B4 /* RYFormSectionInformation.m */ = {isa = PBXFileReference; fileEncoding = 4; lastKnownFileType = sourcecode.c.objc; path = RYFormSectionInformation.m; sourceTree = "<group>"; };
		4E54777A1CEC4C890049E1B4 /* TestConfigureForm.h */ = {isa = PBXFileReference; fileEncoding = 4; lastKnownFileType = sourcecode.c.h; path = TestConfigureForm.h; sourceTree = "<group>"; };
		4E54777B1CEC4C890049E1B4 /* TestConfigureForm.m */ = {isa = PBXFileReference; fileEncoding = 4; lastKnownFileType = sourcecode.c.objc; path = TestConfigureForm.m; sourceTree = "<group>"; };
		4E54777C1CEC4C890049E1B4 /* TestViewController.h */ = {isa = PBXFileReference; fileEncoding = 4; lastKnownFileType = sourcecode.c.h; path = TestViewController.h; sourceTree = "<group>"; };
		4E54777D1CEC4C890049E1B4 /* TestViewController.m */ = {isa = PBXFileReference; fileEncoding = 4; lastKnownFileType = sourcecode.c.objc; path = TestViewController.m; sourceTree = "<group>"; };
		4E5477801CEC4C890049E1B4 /* MLeaksFinder.h */ = {isa = PBXFileReference; fileEncoding = 4; lastKnownFileType = sourcecode.c.h; path = MLeaksFinder.h; sourceTree = "<group>"; };
		4E5477811CEC4C890049E1B4 /* NSObject+MemoryLeak.h */ = {isa = PBXFileReference; fileEncoding = 4; lastKnownFileType = sourcecode.c.h; path = "NSObject+MemoryLeak.h"; sourceTree = "<group>"; };
		4E5477821CEC4C890049E1B4 /* NSObject+MemoryLeak.m */ = {isa = PBXFileReference; fileEncoding = 4; lastKnownFileType = sourcecode.c.objc; path = "NSObject+MemoryLeak.m"; sourceTree = "<group>"; };
		4E5477831CEC4C890049E1B4 /* UIApplication+MemoryLeak.h */ = {isa = PBXFileReference; fileEncoding = 4; lastKnownFileType = sourcecode.c.h; path = "UIApplication+MemoryLeak.h"; sourceTree = "<group>"; };
		4E5477841CEC4C890049E1B4 /* UIApplication+MemoryLeak.m */ = {isa = PBXFileReference; fileEncoding = 4; lastKnownFileType = sourcecode.c.objc; path = "UIApplication+MemoryLeak.m"; sourceTree = "<group>"; };
		4E5477851CEC4C890049E1B4 /* UINavigationController+MemoryLeak.h */ = {isa = PBXFileReference; fileEncoding = 4; lastKnownFileType = sourcecode.c.h; path = "UINavigationController+MemoryLeak.h"; sourceTree = "<group>"; };
		4E5477861CEC4C890049E1B4 /* UINavigationController+MemoryLeak.m */ = {isa = PBXFileReference; fileEncoding = 4; lastKnownFileType = sourcecode.c.objc; path = "UINavigationController+MemoryLeak.m"; sourceTree = "<group>"; };
		4E5477871CEC4C890049E1B4 /* UIPageViewController+MemoryLeak.h */ = {isa = PBXFileReference; fileEncoding = 4; lastKnownFileType = sourcecode.c.h; path = "UIPageViewController+MemoryLeak.h"; sourceTree = "<group>"; };
		4E5477881CEC4C890049E1B4 /* UIPageViewController+MemoryLeak.m */ = {isa = PBXFileReference; fileEncoding = 4; lastKnownFileType = sourcecode.c.objc; path = "UIPageViewController+MemoryLeak.m"; sourceTree = "<group>"; };
		4E5477891CEC4C890049E1B4 /* UISplitViewController+MemoryLeak.h */ = {isa = PBXFileReference; fileEncoding = 4; lastKnownFileType = sourcecode.c.h; path = "UISplitViewController+MemoryLeak.h"; sourceTree = "<group>"; };
		4E54778A1CEC4C890049E1B4 /* UISplitViewController+MemoryLeak.m */ = {isa = PBXFileReference; fileEncoding = 4; lastKnownFileType = sourcecode.c.objc; path = "UISplitViewController+MemoryLeak.m"; sourceTree = "<group>"; };
		4E54778B1CEC4C890049E1B4 /* UITabBarController+MemoryLeak.h */ = {isa = PBXFileReference; fileEncoding = 4; lastKnownFileType = sourcecode.c.h; path = "UITabBarController+MemoryLeak.h"; sourceTree = "<group>"; };
		4E54778C1CEC4C890049E1B4 /* UITabBarController+MemoryLeak.m */ = {isa = PBXFileReference; fileEncoding = 4; lastKnownFileType = sourcecode.c.objc; path = "UITabBarController+MemoryLeak.m"; sourceTree = "<group>"; };
		4E54778D1CEC4C890049E1B4 /* UIView+MemoryLeak.h */ = {isa = PBXFileReference; fileEncoding = 4; lastKnownFileType = sourcecode.c.h; path = "UIView+MemoryLeak.h"; sourceTree = "<group>"; };
		4E54778E1CEC4C890049E1B4 /* UIView+MemoryLeak.m */ = {isa = PBXFileReference; fileEncoding = 4; lastKnownFileType = sourcecode.c.objc; path = "UIView+MemoryLeak.m"; sourceTree = "<group>"; };
		4E54778F1CEC4C890049E1B4 /* UIViewController+MemoryLeak.h */ = {isa = PBXFileReference; fileEncoding = 4; lastKnownFileType = sourcecode.c.h; path = "UIViewController+MemoryLeak.h"; sourceTree = "<group>"; };
		4E5477901CEC4C890049E1B4 /* UIViewController+MemoryLeak.m */ = {isa = PBXFileReference; fileEncoding = 4; lastKnownFileType = sourcecode.c.objc; path = "UIViewController+MemoryLeak.m"; sourceTree = "<group>"; };
/* End PBXFileReference section */

/* Begin PBXFrameworksBuildPhase section */
		4E54770D1CEC4C310049E1B4 /* Frameworks */ = {
			isa = PBXFrameworksBuildPhase;
			buildActionMask = 2147483647;
			files = (
			);
			runOnlyForDeploymentPostprocessing = 0;
		};
		4E5477261CEC4C310049E1B4 /* Frameworks */ = {
			isa = PBXFrameworksBuildPhase;
			buildActionMask = 2147483647;
			files = (
			);
			runOnlyForDeploymentPostprocessing = 0;
		};
		4E5477311CEC4C310049E1B4 /* Frameworks */ = {
			isa = PBXFrameworksBuildPhase;
			buildActionMask = 2147483647;
			files = (
			);
			runOnlyForDeploymentPostprocessing = 0;
		};
/* End PBXFrameworksBuildPhase section */

/* Begin PBXGroup section */
		4E5477071CEC4C310049E1B4 = {
			isa = PBXGroup;
			children = (
				4E5477121CEC4C310049E1B4 /* RYForm */,
				4E54772C1CEC4C310049E1B4 /* RYFormTests */,
				4E5477371CEC4C310049E1B4 /* RYFormUITests */,
				4E5477111CEC4C310049E1B4 /* Products */,
			);
			sourceTree = "<group>";
		};
		4E5477111CEC4C310049E1B4 /* Products */ = {
			isa = PBXGroup;
			children = (
				4E5477101CEC4C310049E1B4 /* RYForm.app */,
				4E5477291CEC4C310049E1B4 /* RYFormTests.xctest */,
				4E5477341CEC4C310049E1B4 /* RYFormUITests.xctest */,
			);
			name = Products;
			sourceTree = "<group>";
		};
		4E5477121CEC4C310049E1B4 /* RYForm */ = {
			isa = PBXGroup;
			children = (
				4E5477461CEC4C890049E1B4 /* Form */,
				4E5477161CEC4C310049E1B4 /* AppDelegate.h */,
				4E5477171CEC4C310049E1B4 /* AppDelegate.m */,
				4E5477191CEC4C310049E1B4 /* ViewController.h */,
				4E54771A1CEC4C310049E1B4 /* ViewController.m */,
				4E54771C1CEC4C310049E1B4 /* Main.storyboard */,
				4E54771F1CEC4C310049E1B4 /* Assets.xcassets */,
				4E5477211CEC4C310049E1B4 /* LaunchScreen.storyboard */,
				4E5477241CEC4C310049E1B4 /* Info.plist */,
				4E5477131CEC4C310049E1B4 /* Supporting Files */,
			);
			path = RYForm;
			sourceTree = "<group>";
		};
		4E5477131CEC4C310049E1B4 /* Supporting Files */ = {
			isa = PBXGroup;
			children = (
				4E5477141CEC4C310049E1B4 /* main.m */,
			);
			name = "Supporting Files";
			sourceTree = "<group>";
		};
		4E54772C1CEC4C310049E1B4 /* RYFormTests */ = {
			isa = PBXGroup;
			children = (
				4E54772D1CEC4C310049E1B4 /* RYFormTests.m */,
				4E54772F1CEC4C310049E1B4 /* Info.plist */,
			);
			path = RYFormTests;
			sourceTree = "<group>";
		};
		4E5477371CEC4C310049E1B4 /* RYFormUITests */ = {
			isa = PBXGroup;
			children = (
				4E5477381CEC4C310049E1B4 /* RYFormUITests.m */,
				4E54773A1CEC4C310049E1B4 /* Info.plist */,
			);
			path = RYFormUITests;
			sourceTree = "<group>";
		};
		4E5477461CEC4C890049E1B4 /* Form */ = {
			isa = PBXGroup;
			children = (
				4E5477471CEC4C890049E1B4 /* RYFormComponent */,
				4E5477791CEC4C890049E1B4 /* Test */,
				4E54777E1CEC4C890049E1B4 /* Vender */,
			);
			path = Form;
			sourceTree = "<group>";
		};
		4E5477471CEC4C890049E1B4 /* RYFormComponent */ = {
			isa = PBXGroup;
			children = (
				4E5477481CEC4C890049E1B4 /* Cells */,
				4E54775B1CEC4C890049E1B4 /* Controllers */,
				4E54775F1CEC4C890049E1B4 /* Helpers */,
				4E54776E1CEC4C890049E1B4 /* Information */,
			);
			path = RYFormComponent;
			sourceTree = "<group>";
		};
		4E5477481CEC4C890049E1B4 /* Cells */ = {
			isa = PBXGroup;
			children = (
				4E5477491CEC4C890049E1B4 /* RYFormBaseCell.h */,
				4E54774A1CEC4C890049E1B4 /* RYFormBaseCell.m */,
				4E54774B1CEC4C890049E1B4 /* RYFormCheckCell.h */,
				4E54774C1CEC4C890049E1B4 /* RYFormCheckCell.m */,
				4E54774D1CEC4C890049E1B4 /* RYFormDateCell.h */,
				4E54774E1CEC4C890049E1B4 /* RYFormDateCell.m */,
				4E54774F1CEC4C890049E1B4 /* RYFormDatePickerCell.h */,
				4E5477501CEC4C890049E1B4 /* RYFormDatePickerCell.m */,
				4E5477511CEC4C890049E1B4 /* RYFormPickerCell.h */,
				4E5477521CEC4C890049E1B4 /* RYFormPickerCell.m */,
				4E5477531CEC4C890049E1B4 /* RYFormStepCounterCell.h */,
				4E5477541CEC4C890049E1B4 /* RYFormStepCounterCell.m */,
				4E5477551CEC4C890049E1B4 /* RYFormSwitchCell.h */,
				4E5477561CEC4C890049E1B4 /* RYFormSwitchCell.m */,
				4E5477571CEC4C890049E1B4 /* RYFormTextFieldCell.h */,
				4E5477581CEC4C890049E1B4 /* RYFormTextFieldCell.m */,
				4E5477591CEC4C890049E1B4 /* RYFormTextViewCell.h */,
				4E54775A1CEC4C890049E1B4 /* RYFormTextViewCell.m */,
			);
			path = Cells;
			sourceTree = "<group>";
		};
		4E54775B1CEC4C890049E1B4 /* Controllers */ = {
			isa = PBXGroup;
			children = (
				4E54775C1CEC4C890049E1B4 /* RYFormViewController.h */,
				4E54775D1CEC4C890049E1B4 /* RYFormViewController.m */,
				4E54775E1CEC4C890049E1B4 /* RYFormViewController.xib */,
			);
			path = Controllers;
			sourceTree = "<group>";
		};
		4E54775F1CEC4C890049E1B4 /* Helpers */ = {
			isa = PBXGroup;
			children = (
				4E5477601CEC4C890049E1B4 /* RYFormAdditions */,
				4E5477631CEC4C890049E1B4 /* RYFormTextView */,
				4E5477661CEC4C890049E1B4 /* SDAutoLayout */,
				4E54776B1CEC4C890049E1B4 /* UIViewExt */,
			);
			path = Helpers;
			sourceTree = "<group>";
		};
		4E5477601CEC4C890049E1B4 /* RYFormAdditions */ = {
			isa = PBXGroup;
			children = (
				4E5477611CEC4C890049E1B4 /* UIView+RYFormAdditions.h */,
				4E5477621CEC4C890049E1B4 /* UIView+RYFormAdditions.m */,
			);
			path = RYFormAdditions;
			sourceTree = "<group>";
		};
		4E5477631CEC4C890049E1B4 /* RYFormTextView */ = {
			isa = PBXGroup;
			children = (
				4E5477641CEC4C890049E1B4 /* RYFormTextView.h */,
				4E5477651CEC4C890049E1B4 /* RYFormTextView.m */,
			);
			path = RYFormTextView;
			sourceTree = "<group>";
		};
		4E5477661CEC4C890049E1B4 /* SDAutoLayout */ = {
			isa = PBXGroup;
			children = (
				4E5477671CEC4C890049E1B4 /* UITableView+SDAutoTableViewCellHeight.h */,
				4E5477681CEC4C890049E1B4 /* UITableView+SDAutoTableViewCellHeight.m */,
				4E5477691CEC4C890049E1B4 /* UIView+SDAutoLayout.h */,
				4E54776A1CEC4C890049E1B4 /* UIView+SDAutoLayout.m */,
			);
			path = SDAutoLayout;
			sourceTree = "<group>";
		};
		4E54776B1CEC4C890049E1B4 /* UIViewExt */ = {
			isa = PBXGroup;
			children = (
				4E54776C1CEC4C890049E1B4 /* UIViewExt.h */,
				4E54776D1CEC4C890049E1B4 /* UIViewExt.m */,
			);
			path = UIViewExt;
			sourceTree = "<group>";
		};
		4E54776E1CEC4C890049E1B4 /* Information */ = {
			isa = PBXGroup;
			children = (
				4E54776F1CEC4C890049E1B4 /* RYForm.h */,
				4E5477701CEC4C890049E1B4 /* RYForm.m */,
				4E5477711CEC4C890049E1B4 /* RYFormDataConfigure.h */,
				4E5477721CEC4C890049E1B4 /* RYFormInformation.h */,
				4E5477731CEC4C890049E1B4 /* RYFormInformation.m */,
				4E5477741CEC4C890049E1B4 /* RYFormInformationCell.h */,
				4E5477751CEC4C890049E1B4 /* RYFormRowInformation.h */,
				4E5477761CEC4C890049E1B4 /* RYFormRowInformation.m */,
				4E5477771CEC4C890049E1B4 /* RYFormSectionInformation.h */,
				4E5477781CEC4C890049E1B4 /* RYFormSectionInformation.m */,
			);
			path = Information;
			sourceTree = "<group>";
		};
		4E5477791CEC4C890049E1B4 /* Test */ = {
			isa = PBXGroup;
			children = (
				4E54777A1CEC4C890049E1B4 /* TestConfigureForm.h */,
				4E54777B1CEC4C890049E1B4 /* TestConfigureForm.m */,
				4E54777C1CEC4C890049E1B4 /* TestViewController.h */,
				4E54777D1CEC4C890049E1B4 /* TestViewController.m */,
			);
			path = Test;
			sourceTree = "<group>";
		};
		4E54777E1CEC4C890049E1B4 /* Vender */ = {
			isa = PBXGroup;
			children = (
				4E54777F1CEC4C890049E1B4 /* MLeaksFinder */,
			);
			path = Vender;
			sourceTree = "<group>";
		};
		4E54777F1CEC4C890049E1B4 /* MLeaksFinder */ = {
			isa = PBXGroup;
			children = (
				4E5477801CEC4C890049E1B4 /* MLeaksFinder.h */,
				4E5477811CEC4C890049E1B4 /* NSObject+MemoryLeak.h */,
				4E5477821CEC4C890049E1B4 /* NSObject+MemoryLeak.m */,
				4E5477831CEC4C890049E1B4 /* UIApplication+MemoryLeak.h */,
				4E5477841CEC4C890049E1B4 /* UIApplication+MemoryLeak.m */,
				4E5477851CEC4C890049E1B4 /* UINavigationController+MemoryLeak.h */,
				4E5477861CEC4C890049E1B4 /* UINavigationController+MemoryLeak.m */,
				4E5477871CEC4C890049E1B4 /* UIPageViewController+MemoryLeak.h */,
				4E5477881CEC4C890049E1B4 /* UIPageViewController+MemoryLeak.m */,
				4E5477891CEC4C890049E1B4 /* UISplitViewController+MemoryLeak.h */,
				4E54778A1CEC4C890049E1B4 /* UISplitViewController+MemoryLeak.m */,
				4E54778B1CEC4C890049E1B4 /* UITabBarController+MemoryLeak.h */,
				4E54778C1CEC4C890049E1B4 /* UITabBarController+MemoryLeak.m */,
				4E54778D1CEC4C890049E1B4 /* UIView+MemoryLeak.h */,
				4E54778E1CEC4C890049E1B4 /* UIView+MemoryLeak.m */,
				4E54778F1CEC4C890049E1B4 /* UIViewController+MemoryLeak.h */,
				4E5477901CEC4C890049E1B4 /* UIViewController+MemoryLeak.m */,
			);
			path = MLeaksFinder;
			sourceTree = "<group>";
		};
/* End PBXGroup section */

/* Begin PBXNativeTarget section */
		4E54770F1CEC4C310049E1B4 /* RYForm */ = {
			isa = PBXNativeTarget;
			buildConfigurationList = 4E54773D1CEC4C310049E1B4 /* Build configuration list for PBXNativeTarget "RYForm" */;
			buildPhases = (
				4E54770C1CEC4C310049E1B4 /* Sources */,
				4E54770D1CEC4C310049E1B4 /* Frameworks */,
				4E54770E1CEC4C310049E1B4 /* Resources */,
			);
			buildRules = (
			);
			dependencies = (
			);
			name = RYForm;
			productName = RYForm;
			productReference = 4E5477101CEC4C310049E1B4 /* RYForm.app */;
			productType = "com.apple.product-type.application";
		};
		4E5477281CEC4C310049E1B4 /* RYFormTests */ = {
			isa = PBXNativeTarget;
			buildConfigurationList = 4E5477401CEC4C310049E1B4 /* Build configuration list for PBXNativeTarget "RYFormTests" */;
			buildPhases = (
				4E5477251CEC4C310049E1B4 /* Sources */,
				4E5477261CEC4C310049E1B4 /* Frameworks */,
				4E5477271CEC4C310049E1B4 /* Resources */,
			);
			buildRules = (
			);
			dependencies = (
				4E54772B1CEC4C310049E1B4 /* PBXTargetDependency */,
			);
			name = RYFormTests;
			productName = RYFormTests;
			productReference = 4E5477291CEC4C310049E1B4 /* RYFormTests.xctest */;
			productType = "com.apple.product-type.bundle.unit-test";
		};
		4E5477331CEC4C310049E1B4 /* RYFormUITests */ = {
			isa = PBXNativeTarget;
			buildConfigurationList = 4E5477431CEC4C310049E1B4 /* Build configuration list for PBXNativeTarget "RYFormUITests" */;
			buildPhases = (
				4E5477301CEC4C310049E1B4 /* Sources */,
				4E5477311CEC4C310049E1B4 /* Frameworks */,
				4E5477321CEC4C310049E1B4 /* Resources */,
			);
			buildRules = (
			);
			dependencies = (
				4E5477361CEC4C310049E1B4 /* PBXTargetDependency */,
			);
			name = RYFormUITests;
			productName = RYFormUITests;
			productReference = 4E5477341CEC4C310049E1B4 /* RYFormUITests.xctest */;
			productType = "com.apple.product-type.bundle.ui-testing";
		};
/* End PBXNativeTarget section */

/* Begin PBXProject section */
		4E5477081CEC4C310049E1B4 /* Project object */ = {
			isa = PBXProject;
			attributes = {
				LastUpgradeCheck = 0720;
				ORGANIZATIONNAME = Rongyu100;
				TargetAttributes = {
					4E54770F1CEC4C310049E1B4 = {
						CreatedOnToolsVersion = 7.2.1;
					};
					4E5477281CEC4C310049E1B4 = {
						CreatedOnToolsVersion = 7.2.1;
						TestTargetID = 4E54770F1CEC4C310049E1B4;
					};
					4E5477331CEC4C310049E1B4 = {
						CreatedOnToolsVersion = 7.2.1;
						TestTargetID = 4E54770F1CEC4C310049E1B4;
					};
				};
			};
			buildConfigurationList = 4E54770B1CEC4C310049E1B4 /* Build configuration list for PBXProject "RYForm" */;
			compatibilityVersion = "Xcode 3.2";
			developmentRegion = English;
			hasScannedForEncodings = 0;
			knownRegions = (
				en,
				Base,
			);
			mainGroup = 4E5477071CEC4C310049E1B4;
			productRefGroup = 4E5477111CEC4C310049E1B4 /* Products */;
			projectDirPath = "";
			projectRoot = "";
			targets = (
				4E54770F1CEC4C310049E1B4 /* RYForm */,
				4E5477281CEC4C310049E1B4 /* RYFormTests */,
				4E5477331CEC4C310049E1B4 /* RYFormUITests */,
			);
		};
/* End PBXProject section */

/* Begin PBXResourcesBuildPhase section */
		4E54770E1CEC4C310049E1B4 /* Resources */ = {
			isa = PBXResourcesBuildPhase;
			buildActionMask = 2147483647;
			files = (
				4E5477231CEC4C310049E1B4 /* LaunchScreen.storyboard in Resources */,
				4E5477201CEC4C310049E1B4 /* Assets.xcassets in Resources */,
				4E54771E1CEC4C310049E1B4 /* Main.storyboard in Resources */,
				4E54779B1CEC4C890049E1B4 /* RYFormViewController.xib in Resources */,
			);
			runOnlyForDeploymentPostprocessing = 0;
		};
		4E5477271CEC4C310049E1B4 /* Resources */ = {
			isa = PBXResourcesBuildPhase;
			buildActionMask = 2147483647;
			files = (
			);
			runOnlyForDeploymentPostprocessing = 0;
		};
		4E5477321CEC4C310049E1B4 /* Resources */ = {
			isa = PBXResourcesBuildPhase;
			buildActionMask = 2147483647;
			files = (
			);
			runOnlyForDeploymentPostprocessing = 0;
		};
/* End PBXResourcesBuildPhase section */

/* Begin PBXSourcesBuildPhase section */
		4E54770C1CEC4C310049E1B4 /* Sources */ = {
			isa = PBXSourcesBuildPhase;
			buildActionMask = 2147483647;
			files = (
				4E5477941CEC4C890049E1B4 /* RYFormDatePickerCell.m in Sources */,
				4E54771B1CEC4C310049E1B4 /* ViewController.m in Sources */,
				4E5477951CEC4C890049E1B4 /* RYFormPickerCell.m in Sources */,
				4E5477A41CEC4C890049E1B4 /* RYFormSectionInformation.m in Sources */,
				4E5477A51CEC4C890049E1B4 /* TestConfigureForm.m in Sources */,
				4E5477A21CEC4C890049E1B4 /* RYFormInformation.m in Sources */,
				4E5477A61CEC4C890049E1B4 /* TestViewController.m in Sources */,
				4E54779A1CEC4C890049E1B4 /* RYFormViewController.m in Sources */,
				4E5477A71CEC4C890049E1B4 /* NSObject+MemoryLeak.m in Sources */,
				4E5477AA1CEC4C890049E1B4 /* UIPageViewController+MemoryLeak.m in Sources */,
				4E5477A01CEC4C890049E1B4 /* UIViewExt.m in Sources */,
				4E5477921CEC4C890049E1B4 /* RYFormCheckCell.m in Sources */,
				4E54779F1CEC4C890049E1B4 /* UIView+SDAutoLayout.m in Sources */,
				4E5477981CEC4C890049E1B4 /* RYFormTextFieldCell.m in Sources */,
				4E5477A11CEC4C890049E1B4 /* RYForm.m in Sources */,
				4E5477971CEC4C890049E1B4 /* RYFormSwitchCell.m in Sources */,
				4E54779C1CEC4C890049E1B4 /* UIView+RYFormAdditions.m in Sources */,
				4E5477991CEC4C890049E1B4 /* RYFormTextViewCell.m in Sources */,
				4E5477A31CEC4C890049E1B4 /* RYFormRowInformation.m in Sources */,
				4E5477AC1CEC4C890049E1B4 /* UITabBarController+MemoryLeak.m in Sources */,
				4E5477AD1CEC4C890049E1B4 /* UIView+MemoryLeak.m in Sources */,
				4E5477931CEC4C890049E1B4 /* RYFormDateCell.m in Sources */,
				4E5477AE1CEC4C890049E1B4 /* UIViewController+MemoryLeak.m in Sources */,
				4E54779E1CEC4C890049E1B4 /* UITableView+SDAutoTableViewCellHeight.m in Sources */,
				4E5477A91CEC4C890049E1B4 /* UINavigationController+MemoryLeak.m in Sources */,
				4E5477AB1CEC4C890049E1B4 /* UISplitViewController+MemoryLeak.m in Sources */,
				4E5477A81CEC4C890049E1B4 /* UIApplication+MemoryLeak.m in Sources */,
				4E5477911CEC4C890049E1B4 /* RYFormBaseCell.m in Sources */,
				4E5477961CEC4C890049E1B4 /* RYFormStepCounterCell.m in Sources */,
				4E54779D1CEC4C890049E1B4 /* RYFormTextView.m in Sources */,
				4E5477181CEC4C310049E1B4 /* AppDelegate.m in Sources */,
				4E5477151CEC4C310049E1B4 /* main.m in Sources */,
			);
			runOnlyForDeploymentPostprocessing = 0;
		};
		4E5477251CEC4C310049E1B4 /* Sources */ = {
			isa = PBXSourcesBuildPhase;
			buildActionMask = 2147483647;
			files = (
				4E54772E1CEC4C310049E1B4 /* RYFormTests.m in Sources */,
			);
			runOnlyForDeploymentPostprocessing = 0;
		};
		4E5477301CEC4C310049E1B4 /* Sources */ = {
			isa = PBXSourcesBuildPhase;
			buildActionMask = 2147483647;
			files = (
				4E5477391CEC4C310049E1B4 /* RYFormUITests.m in Sources */,
			);
			runOnlyForDeploymentPostprocessing = 0;
		};
/* End PBXSourcesBuildPhase section */

/* Begin PBXTargetDependency section */
		4E54772B1CEC4C310049E1B4 /* PBXTargetDependency */ = {
			isa = PBXTargetDependency;
			target = 4E54770F1CEC4C310049E1B4 /* RYForm */;
			targetProxy = 4E54772A1CEC4C310049E1B4 /* PBXContainerItemProxy */;
		};
		4E5477361CEC4C310049E1B4 /* PBXTargetDependency */ = {
			isa = PBXTargetDependency;
			target = 4E54770F1CEC4C310049E1B4 /* RYForm */;
			targetProxy = 4E5477351CEC4C310049E1B4 /* PBXContainerItemProxy */;
		};
/* End PBXTargetDependency section */

/* Begin PBXVariantGroup section */
		4E54771C1CEC4C310049E1B4 /* Main.storyboard */ = {
			isa = PBXVariantGroup;
			children = (
				4E54771D1CEC4C310049E1B4 /* Base */,
			);
			name = Main.storyboard;
			sourceTree = "<group>";
		};
		4E5477211CEC4C310049E1B4 /* LaunchScreen.storyboard */ = {
			isa = PBXVariantGroup;
			children = (
				4E5477221CEC4C310049E1B4 /* Base */,
			);
			name = LaunchScreen.storyboard;
			sourceTree = "<group>";
		};
/* End PBXVariantGroup section */

/* Begin XCBuildConfiguration section */
		4E54773B1CEC4C310049E1B4 /* Debug */ = {
			isa = XCBuildConfiguration;
			buildSettings = {
				ALWAYS_SEARCH_USER_PATHS = NO;
				CLANG_CXX_LANGUAGE_STANDARD = "gnu++0x";
				CLANG_CXX_LIBRARY = "libc++";
				CLANG_ENABLE_MODULES = YES;
				CLANG_ENABLE_OBJC_ARC = YES;
				CLANG_WARN_BOOL_CONVERSION = YES;
				CLANG_WARN_CONSTANT_CONVERSION = YES;
				CLANG_WARN_DIRECT_OBJC_ISA_USAGE = YES_ERROR;
				CLANG_WARN_EMPTY_BODY = YES;
				CLANG_WARN_ENUM_CONVERSION = YES;
				CLANG_WARN_INT_CONVERSION = YES;
				CLANG_WARN_OBJC_ROOT_CLASS = YES_ERROR;
				CLANG_WARN_UNREACHABLE_CODE = YES;
				CLANG_WARN__DUPLICATE_METHOD_MATCH = YES;
				"CODE_SIGN_IDENTITY[sdk=iphoneos*]" = "iPhone Developer";
				COPY_PHASE_STRIP = NO;
				DEBUG_INFORMATION_FORMAT = dwarf;
				ENABLE_STRICT_OBJC_MSGSEND = YES;
				ENABLE_TESTABILITY = YES;
				GCC_C_LANGUAGE_STANDARD = gnu99;
				GCC_DYNAMIC_NO_PIC = NO;
				GCC_NO_COMMON_BLOCKS = YES;
				GCC_OPTIMIZATION_LEVEL = 0;
				GCC_PREPROCESSOR_DEFINITIONS = (
					"DEBUG=1",
					"$(inherited)",
				);
				GCC_WARN_64_TO_32_BIT_CONVERSION = YES;
				GCC_WARN_ABOUT_RETURN_TYPE = YES_ERROR;
				GCC_WARN_UNDECLARED_SELECTOR = YES;
				GCC_WARN_UNINITIALIZED_AUTOS = YES_AGGRESSIVE;
				GCC_WARN_UNUSED_FUNCTION = YES;
				GCC_WARN_UNUSED_VARIABLE = YES;
				IPHONEOS_DEPLOYMENT_TARGET = 9.2;
				MTL_ENABLE_DEBUG_INFO = YES;
				ONLY_ACTIVE_ARCH = YES;
				SDKROOT = iphoneos;
			};
			name = Debug;
		};
		4E54773C1CEC4C310049E1B4 /* Release */ = {
			isa = XCBuildConfiguration;
			buildSettings = {
				ALWAYS_SEARCH_USER_PATHS = NO;
				CLANG_CXX_LANGUAGE_STANDARD = "gnu++0x";
				CLANG_CXX_LIBRARY = "libc++";
				CLANG_ENABLE_MODULES = YES;
				CLANG_ENABLE_OBJC_ARC = YES;
				CLANG_WARN_BOOL_CONVERSION = YES;
				CLANG_WARN_CONSTANT_CONVERSION = YES;
				CLANG_WARN_DIRECT_OBJC_ISA_USAGE = YES_ERROR;
				CLANG_WARN_EMPTY_BODY = YES;
				CLANG_WARN_ENUM_CONVERSION = YES;
				CLANG_WARN_INT_CONVERSION = YES;
				CLANG_WARN_OBJC_ROOT_CLASS = YES_ERROR;
				CLANG_WARN_UNREACHABLE_CODE = YES;
				CLANG_WARN__DUPLICATE_METHOD_MATCH = YES;
				"CODE_SIGN_IDENTITY[sdk=iphoneos*]" = "iPhone Developer";
				COPY_PHASE_STRIP = NO;
				DEBUG_INFORMATION_FORMAT = "dwarf-with-dsym";
				ENABLE_NS_ASSERTIONS = NO;
				ENABLE_STRICT_OBJC_MSGSEND = YES;
				GCC_C_LANGUAGE_STANDARD = gnu99;
				GCC_NO_COMMON_BLOCKS = YES;
				GCC_WARN_64_TO_32_BIT_CONVERSION = YES;
				GCC_WARN_ABOUT_RETURN_TYPE = YES_ERROR;
				GCC_WARN_UNDECLARED_SELECTOR = YES;
				GCC_WARN_UNINITIALIZED_AUTOS = YES_AGGRESSIVE;
				GCC_WARN_UNUSED_FUNCTION = YES;
				GCC_WARN_UNUSED_VARIABLE = YES;
				IPHONEOS_DEPLOYMENT_TARGET = 9.2;
				MTL_ENABLE_DEBUG_INFO = NO;
				SDKROOT = iphoneos;
				VALIDATE_PRODUCT = YES;
			};
			name = Release;
		};
		4E54773E1CEC4C310049E1B4 /* Debug */ = {
			isa = XCBuildConfiguration;
			buildSettings = {
				ASSETCATALOG_COMPILER_APPICON_NAME = AppIcon;
				INFOPLIST_FILE = RYForm/Info.plist;
				IPHONEOS_DEPLOYMENT_TARGET = 8.0;
				LD_RUNPATH_SEARCH_PATHS = "$(inherited) @executable_path/Frameworks";
				PRODUCT_BUNDLE_IDENTIFIER = "---Rongyu100---.RYForm";
				PRODUCT_NAME = "$(TARGET_NAME)";
			};
			name = Debug;
		};
		4E54773F1CEC4C310049E1B4 /* Release */ = {
			isa = XCBuildConfiguration;
			buildSettings = {
				ASSETCATALOG_COMPILER_APPICON_NAME = AppIcon;
				INFOPLIST_FILE = RYForm/Info.plist;
				IPHONEOS_DEPLOYMENT_TARGET = 8.0;
				LD_RUNPATH_SEARCH_PATHS = "$(inherited) @executable_path/Frameworks";
				PRODUCT_BUNDLE_IDENTIFIER = "---Rongyu100---.RYForm";
				PRODUCT_NAME = "$(TARGET_NAME)";
			};
			name = Release;
		};
		4E5477411CEC4C310049E1B4 /* Debug */ = {
			isa = XCBuildConfiguration;
			buildSettings = {
				BUNDLE_LOADER = "$(TEST_HOST)";
				INFOPLIST_FILE = RYFormTests/Info.plist;
				LD_RUNPATH_SEARCH_PATHS = "$(inherited) @executable_path/Frameworks @loader_path/Frameworks";
				PRODUCT_BUNDLE_IDENTIFIER = "---Rongyu100---.RYFormTests";
				PRODUCT_NAME = "$(TARGET_NAME)";
				TEST_HOST = "$(BUILT_PRODUCTS_DIR)/RYForm.app/RYForm";
			};
			name = Debug;
		};
		4E5477421CEC4C310049E1B4 /* Release */ = {
			isa = XCBuildConfiguration;
			buildSettings = {
				BUNDLE_LOADER = "$(TEST_HOST)";
				INFOPLIST_FILE = RYFormTests/Info.plist;
				LD_RUNPATH_SEARCH_PATHS = "$(inherited) @executable_path/Frameworks @loader_path/Frameworks";
				PRODUCT_BUNDLE_IDENTIFIER = "---Rongyu100---.RYFormTests";
				PRODUCT_NAME = "$(TARGET_NAME)";
				TEST_HOST = "$(BUILT_PRODUCTS_DIR)/RYForm.app/RYForm";
			};
			name = Release;
		};
		4E5477441CEC4C310049E1B4 /* Debug */ = {
			isa = XCBuildConfiguration;
			buildSettings = {
				INFOPLIST_FILE = RYFormUITests/Info.plist;
				LD_RUNPATH_SEARCH_PATHS = "$(inherited) @executable_path/Frameworks @loader_path/Frameworks";
				PRODUCT_BUNDLE_IDENTIFIER = "---Rongyu100---.RYFormUITests";
				PRODUCT_NAME = "$(TARGET_NAME)";
				TEST_TARGET_NAME = RYForm;
				USES_XCTRUNNER = YES;
			};
			name = Debug;
		};
		4E5477451CEC4C310049E1B4 /* Release */ = {
			isa = XCBuildConfiguration;
			buildSettings = {
				INFOPLIST_FILE = RYFormUITests/Info.plist;
				LD_RUNPATH_SEARCH_PATHS = "$(inherited) @executable_path/Frameworks @loader_path/Frameworks";
				PRODUCT_BUNDLE_IDENTIFIER = "---Rongyu100---.RYFormUITests";
				PRODUCT_NAME = "$(TARGET_NAME)";
				TEST_TARGET_NAME = RYForm;
				USES_XCTRUNNER = YES;
			};
			name = Release;
		};
/* End XCBuildConfiguration section */

/* Begin XCConfigurationList section */
		4E54770B1CEC4C310049E1B4 /* Build configuration list for PBXProject "RYForm" */ = {
			isa = XCConfigurationList;
			buildConfigurations = (
				4E54773B1CEC4C310049E1B4 /* Debug */,
				4E54773C1CEC4C310049E1B4 /* Release */,
			);
			defaultConfigurationIsVisible = 0;
			defaultConfigurationName = Release;
		};
		4E54773D1CEC4C310049E1B4 /* Build configuration list for PBXNativeTarget "RYForm" */ = {
			isa = XCConfigurationList;
			buildConfigurations = (
				4E54773E1CEC4C310049E1B4 /* Debug */,
				4E54773F1CEC4C310049E1B4 /* Release */,
			);
			defaultConfigurationIsVisible = 0;
			defaultConfigurationName = Release;
		};
		4E5477401CEC4C310049E1B4 /* Build configuration list for PBXNativeTarget "RYFormTests" */ = {
			isa = XCConfigurationList;
			buildConfigurations = (
				4E5477411CEC4C310049E1B4 /* Debug */,
				4E5477421CEC4C310049E1B4 /* Release */,
			);
			defaultConfigurationIsVisible = 0;
			defaultConfigurationName = Release;
		};
		4E5477431CEC4C310049E1B4 /* Build configuration list for PBXNativeTarget "RYFormUITests" */ = {
			isa = XCConfigurationList;
			buildConfigurations = (
				4E5477441CEC4C310049E1B4 /* Debug */,
				4E5477451CEC4C310049E1B4 /* Release */,
			);
			defaultConfigurationIsVisible = 0;
			defaultConfigurationName = Release;
		};
/* End XCConfigurationList section */
	};
	rootObject = 4E5477081CEC4C310049E1B4 /* Project object */;
}
